
Microsoft Visual Studio Solution File, Format Version 12.00
# Visual Studio Version 16
VisualStudioVersion = 16.0.29926.136
MinimumVisualStudioVersion = 10.0.40219.1
Project("{FAE04EC0-301F-11D3-BF4B-00C04F79EFBC}") = "DijkstrasAlgorithm", "DijkstrasAlgorithm.csproj", "{D8424F1F-2C13-4DB2-A5D5-407C5A671605}"
EndProject
Global
	GlobalSection(SolutionConfigurationPlatforms) = preSolution
		Debug|Any CPU = Debug|Any CPU
		Release|Any CPU = Release|Any CPU
	EndGlobalSection
	GlobalSection(ProjectConfigurationPlatforms) = postSolution
		{D8424F1F-2C13-4DB2-A5D5-407C5A671605}.Debug|Any CPU.ActiveCfg = Debug|Any CPU
		{D8424F1F-2C13-4DB2-A5D5-407C5A671605}.Debug|Any CPU.Build.0 = Debug|Any CPU
		{D8424F1F-2C13-4DB2-A5D5-407C5A671605}.Release|Any CPU.ActiveCfg = Release|Any CPU
		{D8424F1F-2C13-4DB2-A5D5-407C5A671605}.Release|Any CPU.Build.0 = Release|Any CPU
	EndGlobalSection
	GlobalSection(SolutionProperties) = preSolution
		HideSolutionNode = FALSE
	EndGlobalSection
	GlobalSection(ExtensibilityGlobals) = postSolution
		SolutionGuid = {9691A7E2-0A22-43C3-8CE4-DB8599597620}
	EndGlobalSection
EndGlobal
